
Microsoft Visual Studio Solution File, Format Version 12.00
# Visual Studio Version 17
VisualStudioVersion = 17.0.31808.319
MinimumVisualStudioVersion = 10.0.40219.1
Project("{FAE04EC0-301F-11D3-BF4B-00C04F79EFBC}") = "CathodeEditorGUI", "CathodeEditorGUI.csproj", "{DDFD51D4-A1E6-430D-BF4C-858378E74D56}"
	ProjectSection(ProjectDependencies) = postProject
		{31B51706-A73F-4E89-83F1-408BD8BD4B38} = {31B51706-A73F-4E89-83F1-408BD8BD4B38}
	EndProjectSection
EndProject
Project("{9A19103F-16F7-4668-BE54-9A1E7A4F7556}") = "CathodeLib", "..\CathodeLib\CathodeLib\CathodeLib.csproj", "{31B51706-A73F-4E89-83F1-408BD8BD4B38}"
EndProject
Global
	GlobalSection(SolutionConfigurationPlatforms) = preSolution
		Debug|Any CPU = Debug|Any CPU
		Debug|x64 = Debug|x64
		Release|Any CPU = Release|Any CPU
		Release|x64 = Release|x64
	EndGlobalSection
	GlobalSection(ProjectConfigurationPlatforms) = postSolution
		{DDFD51D4-A1E6-430D-BF4C-858378E74D56}.Debug|Any CPU.ActiveCfg = Debug|x64
		{DDFD51D4-A1E6-430D-BF4C-858378E74D56}.Debug|Any CPU.Build.0 = Debug|x64
		{DDFD51D4-A1E6-430D-BF4C-858378E74D56}.Debug|x64.ActiveCfg = Debug|x64
		{DDFD51D4-A1E6-430D-BF4C-858378E74D56}.Debug|x64.Build.0 = Debug|x64
		{DDFD51D4-A1E6-430D-BF4C-858378E74D56}.Release|Any CPU.ActiveCfg = Release|x64
		{DDFD51D4-A1E6-430D-BF4C-858378E74D56}.Release|Any CPU.Build.0 = Release|x64
		{DDFD51D4-A1E6-430D-BF4C-858378E74D56}.Release|x64.ActiveCfg = Release|x64
		{DDFD51D4-A1E6-430D-BF4C-858378E74D56}.Release|x64.Build.0 = Release|x64
		{31B51706-A73F-4E89-83F1-408BD8BD4B38}.Debug|Any CPU.ActiveCfg = Debug|Any CPU
		{31B51706-A73F-4E89-83F1-408BD8BD4B38}.Debug|Any CPU.Build.0 = Debug|Any CPU
		{31B51706-A73F-4E89-83F1-408BD8BD4B38}.Debug|x64.ActiveCfg = Debug|Any CPU
		{31B51706-A73F-4E89-83F1-408BD8BD4B38}.Debug|x64.Build.0 = Debug|Any CPU
		{31B51706-A73F-4E89-83F1-408BD8BD4B38}.Release|Any CPU.ActiveCfg = Release|Any CPU
		{31B51706-A73F-4E89-83F1-408BD8BD4B38}.Release|Any CPU.Build.0 = Release|Any CPU
		{31B51706-A73F-4E89-83F1-408BD8BD4B38}.Release|x64.ActiveCfg = Release|Any CPU
		{31B51706-A73F-4E89-83F1-408BD8BD4B38}.Release|x64.Build.0 = Release|Any CPU
	EndGlobalSection
	GlobalSection(SolutionProperties) = preSolution
		HideSolutionNode = FALSE
	EndGlobalSection
	GlobalSection(ExtensibilityGlobals) = postSolution
		SolutionGuid = {9605BF33-2063-4EC8-BE66-FB48F8322502}
	EndGlobalSection
EndGlobal
